Microsoft Visual Studio Solution File, Format Version 12.00
# 
VisualStudioVersion = 17.5.002.0
MinimumVisualStudioVersion = 
Project("{2150E333-8FDC-42A3-9474-1A3956D46DE8}") = "database", "database", "{E9E08CE9-985A-4507-BBD3-9470623986CF}"
EndProject
Project("{2150E333-8FDC-42A3-9474-1A3956D46DE8}") = "issuer", "issuer", "{32D0AE23-BFAA-4D65-AF9D-2DF951BA5A3B}"
EndProject
Project("{FAE04EC0-301F-11D3-BF4B-00C04F79EFBC}") = "SsiCredentialIssuer.Service", "issuer\SsiCredentialIssuer.Service\SsiCredentialIssuer.Service.csproj", "{6905B6DF-722B-4882-A2CB-5E6BFD0244F2}"
EndProject
Project("{FAE04EC0-301F-11D3-BF4B-00C04F79EFBC}") = "SsiCredentialIssuer.Entities", "database\SsiCredentialIssuer.Entities\SsiCredentialIssuer.Entities.csproj", "{5627AA4F-A64B-4878-A139-F3ED6734BDEC}"
EndProject
Project("{FAE04EC0-301F-11D3-BF4B-00C04F79EFBC}") = "SsiCredentialIssuer.DbAccess", "database\SsiCredentialIssuer.DbAccess\SsiCredentialIssuer.DbAccess.csproj", "{55F32819-B53D-4908-A4C1-F663871474C3}"
EndProject
Project("{2150E333-8FDC-42A3-9474-1A3956D46DE8}") = "credentials", "credentials", "{A79FF417-08E7-4175-8089-5F21054F5BDE}"
EndProject
Project("{FAE04EC0-301F-11D3-BF4B-00C04F79EFBC}") = "SsiCredentialIssuer.Migrations", "database\SsiCredentialIssuer.Migrations\SsiCredentialIssuer.Migrations.csproj", "{F74763E9-231A-46C9-A160-72863963D17F}"
EndProject
Project("{2150E333-8FDC-42A3-9474-1A3956D46DE8}") = "externalservices", "externalservices", "{A37A220C-4242-4FB2-98ED-EF4B602EF6C1}"
EndProject
Project("{FAE04EC0-301F-11D3-BF4B-00C04F79EFBC}") = "Wallet.Service", "externalservices\Wallet.Service\Wallet.Service.csproj", "{73705ADF-C348-483D-931C-5CDFAB848596}"
EndProject
Project("{2150E333-8FDC-42A3-9474-1A3956D46DE8}") = "processes", "processes", "{A4745993-CEC3-48E9-9765-0401F5B0516C}"
EndProject
Project("{FAE04EC0-301F-11D3-BF4B-00C04F79EFBC}") = "Processes.Library", "processes\Processes.Library\Processes.Library.csproj", "{1D005706-65BF-4A99-A847-69E656CF7529}"
EndProject
Project("{FAE04EC0-301F-11D3-BF4B-00C04F79EFBC}") = "Processes.Worker", "processes\Processes.Worker\Processes.Worker.csproj", "{DA615C88-8859-41CD-A696-0BE542117008}"
EndProject
Project("{FAE04EC0-301F-11D3-BF4B-00C04F79EFBC}") = "Processes.Worker.Library", "processes\Processes.Worker.Library\Processes.Worker.Library.csproj", "{7F6B407F-A698-4568-A711-42FD53F06129}"
EndProject
Project("{FAE04EC0-301F-11D3-BF4B-00C04F79EFBC}") = "CredentialProcess.Worker", "processes\CredentialProcess.Worker\CredentialProcess.Worker.csproj", "{30C2CCFC-6C76-4A68-8CA1-BA6A4EA28E76}"
EndProject
Project("{FAE04EC0-301F-11D3-BF4B-00C04F79EFBC}") = "CredentialProcess.Library", "processes\CredentialProcess.Library\CredentialProcess.Library.csproj", "{28919880-0F47-4D54-B253-E1381984C840}"
EndProject
Project("{FAE04EC0-301F-11D3-BF4B-00C04F79EFBC}") = "Portal.Service", "externalservices\Portal.Service\Portal.Service.csproj", "{8AF8FC7D-3448-422A-8739-0690AA700DAD}"
EndProject
Project("{FAE04EC0-301F-11D3-BF4B-00C04F79EFBC}") = "SsiCredentialIssuer.Expiry.App", "credentials\SsiCredentialIssuer.Expiry.App\SsiCredentialIssuer.Expiry.App.csproj", "{9F9FFBEE-4256-494F-BEF7-8856145D45EC}"
EndProject
Project("{2150E333-8FDC-42A3-9474-1A3956D46DE8}") = "tests", "tests", "{A2FC3E0F-5AFE-44FA-909B-B8016DD1EB44}"
EndProject
Project("{FAE04EC0-301F-11D3-BF4B-00C04F79EFBC}") = "SsiCredentialIssuer.Expiry.App.Tests", "..\tests\credentials\SsiCredentialIssuer.Expiry.App.Tests\SsiCredentialIssuer.Expiry.App.Tests.csproj", "{FFB1423F-C41F-46A9-8D5D-115B3BC46682}"
EndProject
Project("{FAE04EC0-301F-11D3-BF4B-00C04F79EFBC}") = "Processes.Library.Tests", "..\tests\processes\Processes.Library.Tests\Processes.Library.Tests.csproj", "{3AADCF6D-746E-49C8-89DC-96474F70B130}"
EndProject
Project("{FAE04EC0-301F-11D3-BF4B-00C04F79EFBC}") = "Processes.Worker.Library.Tests", "..\tests\processes\Processes.Worker.Library.Tests\Processes.Worker.Library.Tests.csproj", "{5CEA19ED-04F0-4CC6-8D5D-C54629436EDA}"
EndProject
Project("{FAE04EC0-301F-11D3-BF4B-00C04F79EFBC}") = "SsiCredentialIssuer.Service.Tests", "..\tests\issuer\SsiCredentialIssuer.Service.Tests\SsiCredentialIssuer.Service.Tests.csproj", "{D88007E0-603A-49B7-B4E4-AD255B06D252}"
EndProject
Project("{FAE04EC0-301F-11D3-BF4B-00C04F79EFBC}") = "Portal.Service.Tests", "..\tests\externalservices\Portal.Service.Tests\Portal.Service.Tests.csproj", "{5A0321D9-F716-47AF-AA96-E5AADC0C26EE}"
EndProject
Project("{FAE04EC0-301F-11D3-BF4B-00C04F79EFBC}") = "Tests.Shared", "..\tests\Tests.Shared\Tests.Shared.csproj", "{6A1D91F3-B9EC-40CD-9239-1D80FADF8E1A}"
EndProject
Project("{FAE04EC0-301F-11D3-BF4B-00C04F79EFBC}") = "Wallet.Service.Tests", "..\tests\externalservices\Wallet.Service.Tests\Wallet.Service.Tests.csproj", "{F46B828C-3E95-49D0-A3D2-F5A083F5FE7A}"
EndProject
Project("{FAE04EC0-301F-11D3-BF4B-00C04F79EFBC}") = "SsiCredentialIssuer.DbAccess.Tests", "..\tests\database\SsiCredentialIssuer.DbAccess.Tests\SsiCredentialIssuer.DbAccess.Tests.csproj", "{3967B3E7-093B-438C-81FE-A7CAE5FFAD31}"
EndProject
Project("{FAE04EC0-301F-11D3-BF4B-00C04F79EFBC}") = "CredentialProcess.Worker.Tests", "..\tests\processes\CredentialProcess.Worker.Tests\CredentialProcess.Worker.Tests.csproj", "{2D42186B-5BC8-4F60-92D3-FD1FF0F5FF87}"
EndProject
Project("{FAE04EC0-301F-11D3-BF4B-00C04F79EFBC}") = "CredentialProcess.Library.Tests", "..\tests\processes\CredentialProcess.Library.Tests\CredentialProcess.Library.Tests.csproj", "{0A9C65F7-62B6-421F-ADA5-709A1EE10901}"
EndProject
Project("{FAE04EC0-301F-11D3-BF4B-00C04F79EFBC}") = "Callback.Service", "externalservices\Callback.Service\Callback.Service.csproj", "{E1821527-A5F9-4D56-BAB0-6F45FE6F3299}"
EndProject
Project("{FAE04EC0-301F-11D3-BF4B-00C04F79EFBC}") = "Callback.Service.Tests", "..\tests\externalservices\Callback.Service.Tests\Callback.Service.Tests.csproj", "{61DB2ADF-DBC1-4647-AAD2-A8E992E75B37}"
EndProject
Project("{FAE04EC0-301F-11D3-BF4B-00C04F79EFBC}") = "SsiCredentialIssuer.Reissuance.App", "credentials\SsiCredentialIssuer.Reissuance.App\SsiCredentialIssuer.Reissuance.App.csproj", "{2757DB44-F658-420F-B00A-48EC6DBA6035}"
EndProject
Project("{FAE04EC0-301F-11D3-BF4B-00C04F79EFBC}") = "credentials\SsiCredentialIssuer.Credential.Library", "credentials\SsiCredentialIssuer.Credential.Library\SsiCredentialIssuer.Credential.Library.csproj", "{832CA2B5-E08D-4EB6-9C99-020E01A86A2C}"
EndProject
Project("{FAE04EC0-301F-11D3-BF4B-00C04F79EFBC}") = "SsiCredentialIssuer.Reissuance.App.Tests", "..\tests\credentials\SsiCredentialIssuer.Reissuance.App.Tests\SsiCredentialIssuer.Reissuance.App.Tests.csproj", "{677EC522-C102-4446-80E4-B98E6C527D33}"
EndProject
Global
	GlobalSection(SolutionConfigurationPlatforms) = preSolution
		Debug|Any CPU = Debug|Any CPU
		Release|Any CPU = Release|Any CPU
	EndGlobalSection
	GlobalSection(ProjectConfigurationPlatforms) = postSolution
		{6905B6DF-722B-4882-A2CB-5E6BFD0244F2}.Debug|Any CPU.ActiveCfg = Debug|Any CPU
		{6905B6DF-722B-4882-A2CB-5E6BFD0244F2}.Debug|Any CPU.Build.0 = Debug|Any CPU
		{6905B6DF-722B-4882-A2CB-5E6BFD0244F2}.Release|Any CPU.ActiveCfg = Release|Any CPU
		{6905B6DF-722B-4882-A2CB-5E6BFD0244F2}.Release|Any CPU.Build.0 = Release|Any CPU
		{5627AA4F-A64B-4878-A139-F3ED6734BDEC}.Debug|Any CPU.ActiveCfg = Debug|Any CPU
		{5627AA4F-A64B-4878-A139-F3ED6734BDEC}.Debug|Any CPU.Build.0 = Debug|Any CPU
		{5627AA4F-A64B-4878-A139-F3ED6734BDEC}.Release|Any CPU.ActiveCfg = Release|Any CPU
		{5627AA4F-A64B-4878-A139-F3ED6734BDEC}.Release|Any CPU.Build.0 = Release|Any CPU
		{55F32819-B53D-4908-A4C1-F663871474C3}.Debug|Any CPU.ActiveCfg = Debug|Any CPU
		{55F32819-B53D-4908-A4C1-F663871474C3}.Debug|Any CPU.Build.0 = Debug|Any CPU
		{55F32819-B53D-4908-A4C1-F663871474C3}.Release|Any CPU.ActiveCfg = Release|Any CPU
		{55F32819-B53D-4908-A4C1-F663871474C3}.Release|Any CPU.Build.0 = Release|Any CPU
		{F74763E9-231A-46C9-A160-72863963D17F}.Debug|Any CPU.ActiveCfg = Debug|Any CPU
		{F74763E9-231A-46C9-A160-72863963D17F}.Debug|Any CPU.Build.0 = Debug|Any CPU
		{F74763E9-231A-46C9-A160-72863963D17F}.Release|Any CPU.ActiveCfg = Release|Any CPU
		{F74763E9-231A-46C9-A160-72863963D17F}.Release|Any CPU.Build.0 = Release|Any CPU
		{73705ADF-C348-483D-931C-5CDFAB848596}.Debug|Any CPU.ActiveCfg = Debug|Any CPU
		{73705ADF-C348-483D-931C-5CDFAB848596}.Debug|Any CPU.Build.0 = Debug|Any CPU
		{73705ADF-C348-483D-931C-5CDFAB848596}.Release|Any CPU.ActiveCfg = Release|Any CPU
		{73705ADF-C348-483D-931C-5CDFAB848596}.Release|Any CPU.Build.0 = Release|Any CPU
		{1D005706-65BF-4A99-A847-69E656CF7529}.Debug|Any CPU.ActiveCfg = Debug|Any CPU
		{1D005706-65BF-4A99-A847-69E656CF7529}.Debug|Any CPU.Build.0 = Debug|Any CPU
		{1D005706-65BF-4A99-A847-69E656CF7529}.Release|Any CPU.ActiveCfg = Release|Any CPU
		{1D005706-65BF-4A99-A847-69E656CF7529}.Release|Any CPU.Build.0 = Release|Any CPU
		{DA615C88-8859-41CD-A696-0BE542117008}.Debug|Any CPU.ActiveCfg = Debug|Any CPU
		{DA615C88-8859-41CD-A696-0BE542117008}.Debug|Any CPU.Build.0 = Debug|Any CPU
		{DA615C88-8859-41CD-A696-0BE542117008}.Release|Any CPU.ActiveCfg = Release|Any CPU
		{DA615C88-8859-41CD-A696-0BE542117008}.Release|Any CPU.Build.0 = Release|Any CPU
		{7F6B407F-A698-4568-A711-42FD53F06129}.Debug|Any CPU.ActiveCfg = Debug|Any CPU
		{7F6B407F-A698-4568-A711-42FD53F06129}.Debug|Any CPU.Build.0 = Debug|Any CPU
		{7F6B407F-A698-4568-A711-42FD53F06129}.Release|Any CPU.ActiveCfg = Release|Any CPU
		{7F6B407F-A698-4568-A711-42FD53F06129}.Release|Any CPU.Build.0 = Release|Any CPU
		{30C2CCFC-6C76-4A68-8CA1-BA6A4EA28E76}.Debug|Any CPU.ActiveCfg = Debug|Any CPU
		{30C2CCFC-6C76-4A68-8CA1-BA6A4EA28E76}.Debug|Any CPU.Build.0 = Debug|Any CPU
		{30C2CCFC-6C76-4A68-8CA1-BA6A4EA28E76}.Release|Any CPU.ActiveCfg = Release|Any CPU
		{30C2CCFC-6C76-4A68-8CA1-BA6A4EA28E76}.Release|Any CPU.Build.0 = Release|Any CPU
		{28919880-0F47-4D54-B253-E1381984C840}.Debug|Any CPU.ActiveCfg = Debug|Any CPU
		{28919880-0F47-4D54-B253-E1381984C840}.Debug|Any CPU.Build.0 = Debug|Any CPU
		{28919880-0F47-4D54-B253-E1381984C840}.Release|Any CPU.ActiveCfg = Release|Any CPU
		{28919880-0F47-4D54-B253-E1381984C840}.Release|Any CPU.Build.0 = Release|Any CPU
		{8AF8FC7D-3448-422A-8739-0690AA700DAD}.Debug|Any CPU.ActiveCfg = Debug|Any CPU
		{8AF8FC7D-3448-422A-8739-0690AA700DAD}.Debug|Any CPU.Build.0 = Debug|Any CPU
		{8AF8FC7D-3448-422A-8739-0690AA700DAD}.Release|Any CPU.ActiveCfg = Release|Any CPU
		{8AF8FC7D-3448-422A-8739-0690AA700DAD}.Release|Any CPU.Build.0 = Release|Any CPU
		{9F9FFBEE-4256-494F-BEF7-8856145D45EC}.Debug|Any CPU.ActiveCfg = Debug|Any CPU
		{9F9FFBEE-4256-494F-BEF7-8856145D45EC}.Debug|Any CPU.Build.0 = Debug|Any CPU
		{9F9FFBEE-4256-494F-BEF7-8856145D45EC}.Release|Any CPU.ActiveCfg = Release|Any CPU
		{9F9FFBEE-4256-494F-BEF7-8856145D45EC}.Release|Any CPU.Build.0 = Release|Any CPU
		{FFB1423F-C41F-46A9-8D5D-115B3BC46682}.Debug|Any CPU.ActiveCfg = Debug|Any CPU
		{FFB1423F-C41F-46A9-8D5D-115B3BC46682}.Debug|Any CPU.Build.0 = Debug|Any CPU
		{FFB1423F-C41F-46A9-8D5D-115B3BC46682}.Release|Any CPU.ActiveCfg = Release|Any CPU
		{FFB1423F-C41F-46A9-8D5D-115B3BC46682}.Release|Any CPU.Build.0 = Release|Any CPU
		{3AADCF6D-746E-49C8-89DC-96474F70B130}.Debug|Any CPU.ActiveCfg = Debug|Any CPU
		{3AADCF6D-746E-49C8-89DC-96474F70B130}.Debug|Any CPU.Build.0 = Debug|Any CPU
		{3AADCF6D-746E-49C8-89DC-96474F70B130}.Release|Any CPU.ActiveCfg = Release|Any CPU
		{3AADCF6D-746E-49C8-89DC-96474F70B130}.Release|Any CPU.Build.0 = Release|Any CPU
		{5CEA19ED-04F0-4CC6-8D5D-C54629436EDA}.Debug|Any CPU.ActiveCfg = Debug|Any CPU
		{5CEA19ED-04F0-4CC6-8D5D-C54629436EDA}.Debug|Any CPU.Build.0 = Debug|Any CPU
		{5CEA19ED-04F0-4CC6-8D5D-C54629436EDA}.Release|Any CPU.ActiveCfg = Release|Any CPU
		{5CEA19ED-04F0-4CC6-8D5D-C54629436EDA}.Release|Any CPU.Build.0 = Release|Any CPU
		{D88007E0-603A-49B7-B4E4-AD255B06D252}.Debug|Any CPU.ActiveCfg = Debug|Any CPU
		{D88007E0-603A-49B7-B4E4-AD255B06D252}.Debug|Any CPU.Build.0 = Debug|Any CPU
		{D88007E0-603A-49B7-B4E4-AD255B06D252}.Release|Any CPU.ActiveCfg = Release|Any CPU
		{D88007E0-603A-49B7-B4E4-AD255B06D252}.Release|Any CPU.Build.0 = Release|Any CPU
		{5A0321D9-F716-47AF-AA96-E5AADC0C26EE}.Debug|Any CPU.ActiveCfg = Debug|Any CPU
		{5A0321D9-F716-47AF-AA96-E5AADC0C26EE}.Debug|Any CPU.Build.0 = Debug|Any CPU
		{5A0321D9-F716-47AF-AA96-E5AADC0C26EE}.Release|Any CPU.ActiveCfg = Release|Any CPU
		{5A0321D9-F716-47AF-AA96-E5AADC0C26EE}.Release|Any CPU.Build.0 = Release|Any CPU
		{6A1D91F3-B9EC-40CD-9239-1D80FADF8E1A}.Debug|Any CPU.ActiveCfg = Debug|Any CPU
		{6A1D91F3-B9EC-40CD-9239-1D80FADF8E1A}.Debug|Any CPU.Build.0 = Debug|Any CPU
		{6A1D91F3-B9EC-40CD-9239-1D80FADF8E1A}.Release|Any CPU.ActiveCfg = Release|Any CPU
		{6A1D91F3-B9EC-40CD-9239-1D80FADF8E1A}.Release|Any CPU.Build.0 = Release|Any CPU
		{F46B828C-3E95-49D0-A3D2-F5A083F5FE7A}.Debug|Any CPU.ActiveCfg = Debug|Any CPU
		{F46B828C-3E95-49D0-A3D2-F5A083F5FE7A}.Debug|Any CPU.Build.0 = Debug|Any CPU
		{F46B828C-3E95-49D0-A3D2-F5A083F5FE7A}.Release|Any CPU.ActiveCfg = Release|Any CPU
		{F46B828C-3E95-49D0-A3D2-F5A083F5FE7A}.Release|Any CPU.Build.0 = Release|Any CPU
		{3967B3E7-093B-438C-81FE-A7CAE5FFAD31}.Debug|Any CPU.ActiveCfg = Debug|Any CPU
		{3967B3E7-093B-438C-81FE-A7CAE5FFAD31}.Debug|Any CPU.Build.0 = Debug|Any CPU
		{3967B3E7-093B-438C-81FE-A7CAE5FFAD31}.Release|Any CPU.ActiveCfg = Release|Any CPU
		{3967B3E7-093B-438C-81FE-A7CAE5FFAD31}.Release|Any CPU.Build.0 = Release|Any CPU
		{2D42186B-5BC8-4F60-92D3-FD1FF0F5FF87}.Debug|Any CPU.ActiveCfg = Debug|Any CPU
		{2D42186B-5BC8-4F60-92D3-FD1FF0F5FF87}.Debug|Any CPU.Build.0 = Debug|Any CPU
		{2D42186B-5BC8-4F60-92D3-FD1FF0F5FF87}.Release|Any CPU.ActiveCfg = Release|Any CPU
		{2D42186B-5BC8-4F60-92D3-FD1FF0F5FF87}.Release|Any CPU.Build.0 = Release|Any CPU
		{0A9C65F7-62B6-421F-ADA5-709A1EE10901}.Debug|Any CPU.ActiveCfg = Debug|Any CPU
		{0A9C65F7-62B6-421F-ADA5-709A1EE10901}.Debug|Any CPU.Build.0 = Debug|Any CPU
		{0A9C65F7-62B6-421F-ADA5-709A1EE10901}.Release|Any CPU.ActiveCfg = Release|Any CPU
		{0A9C65F7-62B6-421F-ADA5-709A1EE10901}.Release|Any CPU.Build.0 = Release|Any CPU
		{E1821527-A5F9-4D56-BAB0-6F45FE6F3299}.Debug|Any CPU.ActiveCfg = Debug|Any CPU
		{E1821527-A5F9-4D56-BAB0-6F45FE6F3299}.Debug|Any CPU.Build.0 = Debug|Any CPU
		{E1821527-A5F9-4D56-BAB0-6F45FE6F3299}.Release|Any CPU.ActiveCfg = Release|Any CPU
		{E1821527-A5F9-4D56-BAB0-6F45FE6F3299}.Release|Any CPU.Build.0 = Release|Any CPU
		{61DB2ADF-DBC1-4647-AAD2-A8E992E75B37}.Debug|Any CPU.ActiveCfg = Debug|Any CPU
		{61DB2ADF-DBC1-4647-AAD2-A8E992E75B37}.Debug|Any CPU.Build.0 = Debug|Any CPU
		{61DB2ADF-DBC1-4647-AAD2-A8E992E75B37}.Release|Any CPU.ActiveCfg = Release|Any CPU
		{61DB2ADF-DBC1-4647-AAD2-A8E992E75B37}.Release|Any CPU.Build.0 = Release|Any CPU
		{2757DB44-F658-420F-B00A-48EC6DBA6035}.Debug|Any CPU.ActiveCfg = Debug|Any CPU
		{2757DB44-F658-420F-B00A-48EC6DBA6035}.Debug|Any CPU.Build.0 = Debug|Any CPU
		{2757DB44-F658-420F-B00A-48EC6DBA6035}.Release|Any CPU.ActiveCfg = Release|Any CPU
		{2757DB44-F658-420F-B00A-48EC6DBA6035}.Release|Any CPU.Build.0 = Release|Any CPU
		{832CA2B5-E08D-4EB6-9C99-020E01A86A2C}.Debug|Any CPU.ActiveCfg = Debug|Any CPU
		{832CA2B5-E08D-4EB6-9C99-020E01A86A2C}.Debug|Any CPU.Build.0 = Debug|Any CPU
		{832CA2B5-E08D-4EB6-9C99-020E01A86A2C}.Release|Any CPU.ActiveCfg = Release|Any CPU
		{832CA2B5-E08D-4EB6-9C99-020E01A86A2C}.Release|Any CPU.Build.0 = Release|Any CPU
		{677EC522-C102-4446-80E4-B98E6C527D33}.Debug|Any CPU.ActiveCfg = Debug|Any CPU
		{677EC522-C102-4446-80E4-B98E6C527D33}.Debug|Any CPU.Build.0 = Debug|Any CPU
		{677EC522-C102-4446-80E4-B98E6C527D33}.Release|Any CPU.ActiveCfg = Release|Any CPU
		{677EC522-C102-4446-80E4-B98E6C527D33}.Release|Any CPU.Build.0 = Release|Any CPU
	EndGlobalSection
	GlobalSection(SolutionProperties) = preSolution
		HideSolutionNode = FALSE
	EndGlobalSection
	GlobalSection(NestedProjects) = preSolution
		{6905B6DF-722B-4882-A2CB-5E6BFD0244F2} = {32D0AE23-BFAA-4D65-AF9D-2DF951BA5A3B}
		{5627AA4F-A64B-4878-A139-F3ED6734BDEC} = {E9E08CE9-985A-4507-BBD3-9470623986CF}
		{55F32819-B53D-4908-A4C1-F663871474C3} = {E9E08CE9-985A-4507-BBD3-9470623986CF}
		{F74763E9-231A-46C9-A160-72863963D17F} = {E9E08CE9-985A-4507-BBD3-9470623986CF}
		{73705ADF-C348-483D-931C-5CDFAB848596} = {A37A220C-4242-4FB2-98ED-EF4B602EF6C1}
		{1D005706-65BF-4A99-A847-69E656CF7529} = {A4745993-CEC3-48E9-9765-0401F5B0516C}
		{DA615C88-8859-41CD-A696-0BE542117008} = {A4745993-CEC3-48E9-9765-0401F5B0516C}
		{7F6B407F-A698-4568-A711-42FD53F06129} = {A4745993-CEC3-48E9-9765-0401F5B0516C}
		{30C2CCFC-6C76-4A68-8CA1-BA6A4EA28E76} = {A4745993-CEC3-48E9-9765-0401F5B0516C}
		{28919880-0F47-4D54-B253-E1381984C840} = {A4745993-CEC3-48E9-9765-0401F5B0516C}
		{8AF8FC7D-3448-422A-8739-0690AA700DAD} = {A37A220C-4242-4FB2-98ED-EF4B602EF6C1}
		{9F9FFBEE-4256-494F-BEF7-8856145D45EC} = {A79FF417-08E7-4175-8089-5F21054F5BDE}
		{FFB1423F-C41F-46A9-8D5D-115B3BC46682} = {A2FC3E0F-5AFE-44FA-909B-B8016DD1EB44}
		{3AADCF6D-746E-49C8-89DC-96474F70B130} = {A2FC3E0F-5AFE-44FA-909B-B8016DD1EB44}
		{5CEA19ED-04F0-4CC6-8D5D-C54629436EDA} = {A2FC3E0F-5AFE-44FA-909B-B8016DD1EB44}
		{D88007E0-603A-49B7-B4E4-AD255B06D252} = {A2FC3E0F-5AFE-44FA-909B-B8016DD1EB44}
		{5A0321D9-F716-47AF-AA96-E5AADC0C26EE} = {A2FC3E0F-5AFE-44FA-909B-B8016DD1EB44}
		{6A1D91F3-B9EC-40CD-9239-1D80FADF8E1A} = {A2FC3E0F-5AFE-44FA-909B-B8016DD1EB44}
		{F46B828C-3E95-49D0-A3D2-F5A083F5FE7A} = {A2FC3E0F-5AFE-44FA-909B-B8016DD1EB44}
		{3967B3E7-093B-438C-81FE-A7CAE5FFAD31} = {A2FC3E0F-5AFE-44FA-909B-B8016DD1EB44}
		{2D42186B-5BC8-4F60-92D3-FD1FF0F5FF87} = {A2FC3E0F-5AFE-44FA-909B-B8016DD1EB44}
		{0A9C65F7-62B6-421F-ADA5-709A1EE10901} = {A2FC3E0F-5AFE-44FA-909B-B8016DD1EB44}
		{E1821527-A5F9-4D56-BAB0-6F45FE6F3299} = {A37A220C-4242-4FB2-98ED-EF4B602EF6C1}
		{61DB2ADF-DBC1-4647-AAD2-A8E992E75B37} = {A2FC3E0F-5AFE-44FA-909B-B8016DD1EB44}
		{2757DB44-F658-420F-B00A-48EC6DBA6035} = {A79FF417-08E7-4175-8089-5F21054F5BDE}
		{832CA2B5-E08D-4EB6-9C99-020E01A86A2C} = {A79FF417-08E7-4175-8089-5F21054F5BDE}
		{677EC522-C102-4446-80E4-B98E6C527D33} = {A2FC3E0F-5AFE-44FA-909B-B8016DD1EB44}
	EndGlobalSection
EndGlobal
